
Microsoft Visual Studio Solution File, Format Version 12.00
# Visual Studio 14
VisualStudioVersion = 14.0.24720.0
MinimumVisualStudioVersion = 10.0.40219.1
Project("{2150E333-8FDC-42A3-9474-1A3956D46DE8}") = "01 - Presentation", "01 - Presentation", "{876DF46C-C8D8-4E11-86E9-3173A8CEE494}"
EndProject
Project("{2150E333-8FDC-42A3-9474-1A3956D46DE8}") = "02 - Application", "02 - Application", "{A581A3F5-AE08-4F1F-9D6A-72980FFAF1E1}"
EndProject
Project("{2150E333-8FDC-42A3-9474-1A3956D46DE8}") = "03 - Domain", "03 - Domain", "{C707D345-ED27-4634-9A9F-3C6452368072}"
EndProject
Project("{2150E333-8FDC-42A3-9474-1A3956D46DE8}") = "04 - Data", "04 - Data", "{EF6F203A-0E23-46A9-8EE1-3EA3E898161B}"
EndProject
Project("{FAE04EC0-301F-11D3-BF4B-00C04F79EFBC}") = "ProtoType.Demo.DataAccess.SQLServer", "ProtoType.Demo.DataAccess.SQLServer\ProtoType.Demo.DataAccess.SQLServer.csproj", "{18D52C14-8E4E-414E-86A3-3EF7ED7FD4BE}"
EndProject
Project("{FAE04EC0-301F-11D3-BF4B-00C04F79EFBC}") = "ProtoType.Demo.Domain.Abstract", "ProtoType.Demo.Domain.Abstract\ProtoType.Demo.Domain.Abstract.csproj", "{099D4FD4-CAD3-450A-BCD3-636BA11AC99B}"
EndProject
Project("{FAE04EC0-301F-11D3-BF4B-00C04F79EFBC}") = "ProtoType.Demo.Domain", "ProtoType.Demo.Domain\ProtoType.Demo.Domain.csproj", "{ABBE2587-6484-4BBE-A2B5-D4CBB9EB037D}"
EndProject
Project("{FAE04EC0-301F-11D3-BF4B-00C04F79EFBC}") = "ProtoType.Demo.DataAccess.EF", "ProtoType.Demo.DataAccess.EF\ProtoType.Demo.DataAccess.EF.csproj", "{6BC91A2C-DCB2-4407-AB9D-D0962E3016D2}"
EndProject
Project("{FAE04EC0-301F-11D3-BF4B-00C04F79EFBC}") = "ProtoType.Demo.Application.Abstract", "ProtoType.Demo.Application.Abstract\ProtoType.Demo.Application.Abstract.csproj", "{559682EE-3CDE-426C-AD5F-94F07D596FA6}"
EndProject
Project("{FAE04EC0-301F-11D3-BF4B-00C04F79EFBC}") = "ProtoType.Demo.Application", "ProtoType.Demo.Application\ProtoType.Demo.Application.csproj", "{32AD21DB-1743-4857-9D86-3C3DCD43A95B}"
EndProject
Project("{FAE04EC0-301F-11D3-BF4B-00C04F79EFBC}") = "ProtoType.Demo.UI", "ProtoType.Demo.UI\ProtoType.Demo.UI.csproj", "{41437FD9-74DE-4E6E-88F0-DC45F84555B8}"
EndProject
Project("{FAE04EC0-301F-11D3-BF4B-00C04F79EFBC}") = "ProtoType.Demo.API", "ProtoType.Demo.API\ProtoType.Demo.API.csproj", "{CE78012C-F88F-4F9A-8EC9-90C3DCFB29D4}"
EndProject
Project("{FAE04EC0-301F-11D3-BF4B-00C04F79EFBC}") = "ProtoType.Demo.DataAccess.MongoDB", "ProtoType.Demo.DataAccess.MongoDB\ProtoType.Demo.DataAccess.MongoDB.csproj", "{CF637C18-A372-432F-9DB2-EFB6111A9D77}"
EndProject
Project("{FAE04EC0-301F-11D3-BF4B-00C04F79EFBC}") = "ProtoType.Demo.DataAccess.ElasticSearch", "ProtoType.Demo.DataAccess.ElasticSearch\ProtoType.Demo.DataAccess.ElasticSearch.csproj", "{92A7E819-F1EF-45EF-B052-325B9A069A84}"
EndProject
Project("{2150E333-8FDC-42A3-9474-1A3956D46DE8}") = "00 - Tests", "00 - Tests", "{417FE2D7-9A2C-4297-9034-F6A6EA7A5E03}"
EndProject
Project("{2150E333-8FDC-42A3-9474-1A3956D46DE8}") = "Application", "Application", "{8289C1AE-48E2-4F49-B67A-A7DFE5E63382}"
EndProject
Project("{FAE04EC0-301F-11D3-BF4B-00C04F79EFBC}") = "ProtoType.Demo.Application.Tests", "ProtoType.Demo.Application.Tests\ProtoType.Demo.Application.Tests.csproj", "{10F7F072-3A2B-41D4-9F4C-E5BF8CE0B9D1}"
EndProject
Global
	GlobalSection(SolutionConfigurationPlatforms) = preSolution
		Debug|Any CPU = Debug|Any CPU
		Release|Any CPU = Release|Any CPU
	EndGlobalSection
	GlobalSection(ProjectConfigurationPlatforms) = postSolution
		{18D52C14-8E4E-414E-86A3-3EF7ED7FD4BE}.Debug|Any CPU.ActiveCfg = Debug|Any CPU
		{18D52C14-8E4E-414E-86A3-3EF7ED7FD4BE}.Debug|Any CPU.Build.0 = Debug|Any CPU
		{18D52C14-8E4E-414E-86A3-3EF7ED7FD4BE}.Release|Any CPU.ActiveCfg = Release|Any CPU
		{18D52C14-8E4E-414E-86A3-3EF7ED7FD4BE}.Release|Any CPU.Build.0 = Release|Any CPU
		{099D4FD4-CAD3-450A-BCD3-636BA11AC99B}.Debug|Any CPU.ActiveCfg = Debug|Any CPU
		{099D4FD4-CAD3-450A-BCD3-636BA11AC99B}.Debug|Any CPU.Build.0 = Debug|Any CPU
		{099D4FD4-CAD3-450A-BCD3-636BA11AC99B}.Release|Any CPU.ActiveCfg = Release|Any CPU
		{099D4FD4-CAD3-450A-BCD3-636BA11AC99B}.Release|Any CPU.Build.0 = Release|Any CPU
		{ABBE2587-6484-4BBE-A2B5-D4CBB9EB037D}.Debug|Any CPU.ActiveCfg = Debug|Any CPU
		{ABBE2587-6484-4BBE-A2B5-D4CBB9EB037D}.Debug|Any CPU.Build.0 = Debug|Any CPU
		{ABBE2587-6484-4BBE-A2B5-D4CBB9EB037D}.Release|Any CPU.ActiveCfg = Release|Any CPU
		{ABBE2587-6484-4BBE-A2B5-D4CBB9EB037D}.Release|Any CPU.Build.0 = Release|Any CPU
		{6BC91A2C-DCB2-4407-AB9D-D0962E3016D2}.Debug|Any CPU.ActiveCfg = Debug|Any CPU
		{6BC91A2C-DCB2-4407-AB9D-D0962E3016D2}.Debug|Any CPU.Build.0 = Debug|Any CPU
		{6BC91A2C-DCB2-4407-AB9D-D0962E3016D2}.Release|Any CPU.ActiveCfg = Release|Any CPU
		{6BC91A2C-DCB2-4407-AB9D-D0962E3016D2}.Release|Any CPU.Build.0 = Release|Any CPU
		{559682EE-3CDE-426C-AD5F-94F07D596FA6}.Debug|Any CPU.ActiveCfg = Debug|Any CPU
		{559682EE-3CDE-426C-AD5F-94F07D596FA6}.Debug|Any CPU.Build.0 = Debug|Any CPU
		{559682EE-3CDE-426C-AD5F-94F07D596FA6}.Release|Any CPU.ActiveCfg = Release|Any CPU
		{559682EE-3CDE-426C-AD5F-94F07D596FA6}.Release|Any CPU.Build.0 = Release|Any CPU
		{32AD21DB-1743-4857-9D86-3C3DCD43A95B}.Debug|Any CPU.ActiveCfg = Debug|Any CPU
		{32AD21DB-1743-4857-9D86-3C3DCD43A95B}.Debug|Any CPU.Build.0 = Debug|Any CPU
		{32AD21DB-1743-4857-9D86-3C3DCD43A95B}.Release|Any CPU.ActiveCfg = Release|Any CPU
		{32AD21DB-1743-4857-9D86-3C3DCD43A95B}.Release|Any CPU.Build.0 = Release|Any CPU
		{41437FD9-74DE-4E6E-88F0-DC45F84555B8}.Debug|Any CPU.ActiveCfg = Debug|Any CPU
		{41437FD9-74DE-4E6E-88F0-DC45F84555B8}.Debug|Any CPU.Build.0 = Debug|Any CPU
		{41437FD9-74DE-4E6E-88F0-DC45F84555B8}.Release|Any CPU.ActiveCfg = Release|Any CPU
		{41437FD9-74DE-4E6E-88F0-DC45F84555B8}.Release|Any CPU.Build.0 = Release|Any CPU
		{CE78012C-F88F-4F9A-8EC9-90C3DCFB29D4}.Debug|Any CPU.ActiveCfg = Debug|Any CPU
		{CE78012C-F88F-4F9A-8EC9-90C3DCFB29D4}.Debug|Any CPU.Build.0 = Debug|Any CPU
		{CE78012C-F88F-4F9A-8EC9-90C3DCFB29D4}.Release|Any CPU.ActiveCfg = Release|Any CPU
		{CE78012C-F88F-4F9A-8EC9-90C3DCFB29D4}.Release|Any CPU.Build.0 = Release|Any CPU
		{CF637C18-A372-432F-9DB2-EFB6111A9D77}.Debug|Any CPU.ActiveCfg = Debug|Any CPU
		{CF637C18-A372-432F-9DB2-EFB6111A9D77}.Debug|Any CPU.Build.0 = Debug|Any CPU
		{CF637C18-A372-432F-9DB2-EFB6111A9D77}.Release|Any CPU.ActiveCfg = Release|Any CPU
		{CF637C18-A372-432F-9DB2-EFB6111A9D77}.Release|Any CPU.Build.0 = Release|Any CPU
		{92A7E819-F1EF-45EF-B052-325B9A069A84}.Debug|Any CPU.ActiveCfg = Debug|Any CPU
		{92A7E819-F1EF-45EF-B052-325B9A069A84}.Debug|Any CPU.Build.0 = Debug|Any CPU
		{92A7E819-F1EF-45EF-B052-325B9A069A84}.Release|Any CPU.ActiveCfg = Release|Any CPU
		{92A7E819-F1EF-45EF-B052-325B9A069A84}.Release|Any CPU.Build.0 = Release|Any CPU
		{10F7F072-3A2B-41D4-9F4C-E5BF8CE0B9D1}.Debug|Any CPU.ActiveCfg = Debug|Any CPU
		{10F7F072-3A2B-41D4-9F4C-E5BF8CE0B9D1}.Debug|Any CPU.Build.0 = Debug|Any CPU
		{10F7F072-3A2B-41D4-9F4C-E5BF8CE0B9D1}.Release|Any CPU.ActiveCfg = Release|Any CPU
		{10F7F072-3A2B-41D4-9F4C-E5BF8CE0B9D1}.Release|Any CPU.Build.0 = Release|Any CPU
	EndGlobalSection
	GlobalSection(SolutionProperties) = preSolution
		HideSolutionNode = FALSE
	EndGlobalSection
	GlobalSection(NestedProjects) = preSolution
		{18D52C14-8E4E-414E-86A3-3EF7ED7FD4BE} = {EF6F203A-0E23-46A9-8EE1-3EA3E898161B}
		{099D4FD4-CAD3-450A-BCD3-636BA11AC99B} = {C707D345-ED27-4634-9A9F-3C6452368072}
		{ABBE2587-6484-4BBE-A2B5-D4CBB9EB037D} = {C707D345-ED27-4634-9A9F-3C6452368072}
		{6BC91A2C-DCB2-4407-AB9D-D0962E3016D2} = {EF6F203A-0E23-46A9-8EE1-3EA3E898161B}
		{559682EE-3CDE-426C-AD5F-94F07D596FA6} = {A581A3F5-AE08-4F1F-9D6A-72980FFAF1E1}
		{32AD21DB-1743-4857-9D86-3C3DCD43A95B} = {A581A3F5-AE08-4F1F-9D6A-72980FFAF1E1}
		{41437FD9-74DE-4E6E-88F0-DC45F84555B8} = {876DF46C-C8D8-4E11-86E9-3173A8CEE494}
		{CE78012C-F88F-4F9A-8EC9-90C3DCFB29D4} = {876DF46C-C8D8-4E11-86E9-3173A8CEE494}
		{CF637C18-A372-432F-9DB2-EFB6111A9D77} = {EF6F203A-0E23-46A9-8EE1-3EA3E898161B}
		{92A7E819-F1EF-45EF-B052-325B9A069A84} = {EF6F203A-0E23-46A9-8EE1-3EA3E898161B}
		{8289C1AE-48E2-4F49-B67A-A7DFE5E63382} = {417FE2D7-9A2C-4297-9034-F6A6EA7A5E03}
		{10F7F072-3A2B-41D4-9F4C-E5BF8CE0B9D1} = {8289C1AE-48E2-4F49-B67A-A7DFE5E63382}
	EndGlobalSection
EndGlobal
